
Microsoft Visual Studio Solution File, Format Version 11.00
# Visual Studio 2010
Project("{FAE04EC0-301F-11D3-BF4B-00C04F79EFBC}") = "HMD-Tap-Vive", "Assembly-CSharp.csproj", "{75BBFA40-7173-5345-2D6F-31A972D9C008}"
EndProject
Project("{FAE04EC0-301F-11D3-BF4B-00C04F79EFBC}") = "HMD-Tap-Vive", "Assembly-CSharp-Editor.csproj", "{EE0C1106-B017-B863-349B-31063182F708}"
EndProject
Global
	GlobalSection(SolutionConfigurationPlatforms) = preSolution
		Debug|Any CPU = Debug|Any CPU
		Release|Any CPU = Release|Any CPU
	EndGlobalSection
	GlobalSection(ProjectConfigurationPlatforms) = postSolution
		{75BBFA40-7173-5345-2D6F-31A972D9C008}.Debug|Any CPU.ActiveCfg = Debug|Any CPU
		{75BBFA40-7173-5345-2D6F-31A972D9C008}.Debug|Any CPU.Build.0 = Debug|Any CPU
		{75BBFA40-7173-5345-2D6F-31A972D9C008}.Release|Any CPU.ActiveCfg = Release|Any CPU
		{75BBFA40-7173-5345-2D6F-31A972D9C008}.Release|Any CPU.Build.0 = Release|Any CPU
		{EE0C1106-B017-B863-349B-31063182F708}.Debug|Any CPU.ActiveCfg = Debug|Any CPU
		{EE0C1106-B017-B863-349B-31063182F708}.Debug|Any CPU.Build.0 = Debug|Any CPU
		{EE0C1106-B017-B863-349B-31063182F708}.Release|Any CPU.ActiveCfg = Release|Any CPU
		{EE0C1106-B017-B863-349B-31063182F708}.Release|Any CPU.Build.0 = Release|Any CPU
	EndGlobalSection
	GlobalSection(SolutionProperties) = preSolution
		HideSolutionNode = FALSE
	EndGlobalSection
	GlobalSection(MonoDevelopProperties) = preSolution
		StartupItem = Assembly-CSharp.csproj
	EndGlobalSection
EndGlobal
